<?xml version="1.0" encoding="UTF-8" standalone="yes" ?>
<CodeBlocks_project_file>
   <FileVersion major="1" minor="6" />
   <Project>
      <Option title="Qt5ShadowMaps" />
      <Option makefile_is_custom="1" />
      <Option compiler="gcc" />
      <Option virtualFolders="CMake Files\;CMake Files\..\;CMake Files\..\..\;CMake Files\..\..\..\;CMake Files\..\..\..\IDEAs\;CMake Files\..\..\..\IDEAs\Qt\;CMake Files\..\..\..\IDEAs\Qt\5.7\;CMake Files\..\..\..\IDEAs\Qt\5.7\gcc_64\;CMake Files\..\..\..\IDEAs\Qt\5.7\gcc_64\lib\;CMake Files\..\..\..\IDEAs\Qt\5.7\gcc_64\lib\cmake\;CMake Files\..\..\..\IDEAs\Qt\5.7\gcc_64\lib\cmake\Qt5Widgets\;CMake Files\..\..\..\IDEAs\Qt\5.7\gcc_64\lib\cmake\Qt5Gui\;CMake Files\..\..\..\IDEAs\Qt\5.7\gcc_64\lib\cmake\Qt5Core\;CMake Files\..\..\..\IDEAs\Qt\5.7\gcc_64\lib\cmake\Qt5OpenGL\;CMake Files\sources\;" />
      <Build>
      <Target title="all">
         <Option working_dir="/home/roman/dev/opengl-labs/build-qt5-shadow-maps-Desktop_Qt_5_7_1_GCC_64bit-Default" />
         <Option type="4" />
         <MakeCommands>
            <Build command="/usr/bin/make -f &quot;/home/roman/dev/opengl-labs/build-qt5-shadow-maps-Desktop_Qt_5_7_1_GCC_64bit-Default/Makefile&quot;  VERBOSE=1 all" />
            <CompileFile command="/usr/bin/make -f &quot;/home/roman/dev/opengl-labs/build-qt5-shadow-maps-Desktop_Qt_5_7_1_GCC_64bit-Default/Makefile&quot;  VERBOSE=1 &quot;$file&quot;" />
            <Clean command="/usr/bin/make -f &quot;/home/roman/dev/opengl-labs/build-qt5-shadow-maps-Desktop_Qt_5_7_1_GCC_64bit-Default/Makefile&quot;  VERBOSE=1 clean" />
            <DistClean command="/usr/bin/make -f &quot;/home/roman/dev/opengl-labs/build-qt5-shadow-maps-Desktop_Qt_5_7_1_GCC_64bit-Default/Makefile&quot;  VERBOSE=1 clean" />
         </MakeCommands>
      </Target>
      <Target title="edit_cache">
         <Option working_dir="/home/roman/dev/opengl-labs/build-qt5-shadow-maps-Desktop_Qt_5_7_1_GCC_64bit-Default" />
         <Option type="4" />
         <MakeCommands>
            <Build command="/usr/bin/make -f &quot;/home/roman/dev/opengl-labs/build-qt5-shadow-maps-Desktop_Qt_5_7_1_GCC_64bit-Default/Makefile&quot;  VERBOSE=1 edit_cache" />
            <CompileFile command="/usr/bin/make -f &quot;/home/roman/dev/opengl-labs/build-qt5-shadow-maps-Desktop_Qt_5_7_1_GCC_64bit-Default/Makefile&quot;  VERBOSE=1 &quot;$file&quot;" />
            <Clean command="/usr/bin/make -f &quot;/home/roman/dev/opengl-labs/build-qt5-shadow-maps-Desktop_Qt_5_7_1_GCC_64bit-Default/Makefile&quot;  VERBOSE=1 clean" />
            <DistClean command="/usr/bin/make -f &quot;/home/roman/dev/opengl-labs/build-qt5-shadow-maps-Desktop_Qt_5_7_1_GCC_64bit-Default/Makefile&quot;  VERBOSE=1 clean" />
         </MakeCommands>
      </Target>
      <Target title="rebuild_cache">
         <Option working_dir="/home/roman/dev/opengl-labs/build-qt5-shadow-maps-Desktop_Qt_5_7_1_GCC_64bit-Default" />
         <Option type="4" />
         <MakeCommands>
            <Build command="/usr/bin/make -f &quot;/home/roman/dev/opengl-labs/build-qt5-shadow-maps-Desktop_Qt_5_7_1_GCC_64bit-Default/Makefile&quot;  VERBOSE=1 rebuild_cache" />
            <CompileFile command="/usr/bin/make -f &quot;/home/roman/dev/opengl-labs/build-qt5-shadow-maps-Desktop_Qt_5_7_1_GCC_64bit-Default/Makefile&quot;  VERBOSE=1 &quot;$file&quot;" />
            <Clean command="/usr/bin/make -f &quot;/home/roman/dev/opengl-labs/build-qt5-shadow-maps-Desktop_Qt_5_7_1_GCC_64bit-Default/Makefile&quot;  VERBOSE=1 clean" />
            <DistClean command="/usr/bin/make -f &quot;/home/roman/dev/opengl-labs/build-qt5-shadow-maps-Desktop_Qt_5_7_1_GCC_64bit-Default/Makefile&quot;  VERBOSE=1 clean" />
         </MakeCommands>
      </Target>
      <Target title="shadowmaps">
         <Option output="/home/roman/dev/opengl-labs/qt5-shadow-maps/build/bin/shadowmaps" prefix_auto="0" extension_auto="0" />
         <Option working_dir="/home/roman/dev/opengl-labs/qt5-shadow-maps/build/bin" />
         <Option object_output="./" />
         <Option type="1" />
         <Option compiler="gcc" />
         <Compiler>
            <Add option="-DQT_WIDGETS_LIB" />
            <Add option="-DQT_GUI_LIB" />
            <Add option="-DQT_CORE_LIB" />
            <Add option="-DQT_OPENGL_LIB" />
            <Add option="-DQT_NO_DEBUG" />
            <Add directory="/home/roman/IDEAs/Qt/5.7/gcc_64/./mkspecs/linux-g++" />
            <Add directory="/home/roman/IDEAs/Qt/5.7/gcc_64/include" />
            <Add directory="/home/roman/IDEAs/Qt/5.7/gcc_64/include/QtCore" />
            <Add directory="/home/roman/IDEAs/Qt/5.7/gcc_64/include/QtGui" />
            <Add directory="/home/roman/IDEAs/Qt/5.7/gcc_64/include/QtOpenGL" />
            <Add directory="/home/roman/IDEAs/Qt/5.7/gcc_64/include/QtWidgets" />
            <Add directory="/home/roman/dev/opengl-labs/build-qt5-shadow-maps-Desktop_Qt_5_7_1_GCC_64bit-Default/sources" />
            <Add directory="/home/roman/dev/opengl-labs/qt5-shadow-maps/sources" />
            <Add directory="/usr/include" />
            <Add directory="/usr/include/c++/4.9" />
            <Add directory="/usr/include/c++/4.9/backward" />
            <Add directory="/usr/include/x86_64-linux-gnu" />
            <Add directory="/usr/include/x86_64-linux-gnu/c++/4.9" />
            <Add directory="/usr/lib/gcc/x86_64-linux-gnu/4.9/include" />
            <Add directory="/usr/lib/gcc/x86_64-linux-gnu/4.9/include-fixed" />
            <Add directory="/usr/lib/gcc/x86_64-linux-gnu/5/include" />
            <Add directory="/usr/lib/gcc/x86_64-linux-gnu/5/include-fixed" />
            <Add directory="/usr/local/include" />
         </Compiler>
         <MakeCommands>
            <Build command="/usr/bin/make -f &quot;/home/roman/dev/opengl-labs/build-qt5-shadow-maps-Desktop_Qt_5_7_1_GCC_64bit-Default/sources/Makefile&quot;  VERBOSE=1 shadowmaps" />
            <CompileFile command="/usr/bin/make -f &quot;/home/roman/dev/opengl-labs/build-qt5-shadow-maps-Desktop_Qt_5_7_1_GCC_64bit-Default/sources/Makefile&quot;  VERBOSE=1 &quot;$file&quot;" />
            <Clean command="/usr/bin/make -f &quot;/home/roman/dev/opengl-labs/build-qt5-shadow-maps-Desktop_Qt_5_7_1_GCC_64bit-Default/sources/Makefile&quot;  VERBOSE=1 clean" />
            <DistClean command="/usr/bin/make -f &quot;/home/roman/dev/opengl-labs/build-qt5-shadow-maps-Desktop_Qt_5_7_1_GCC_64bit-Default/sources/Makefile&quot;  VERBOSE=1 clean" />
         </MakeCommands>
      </Target>
      <Target title="shadowmaps/fast">
         <Option output="/home/roman/dev/opengl-labs/qt5-shadow-maps/build/bin/shadowmaps" prefix_auto="0" extension_auto="0" />
         <Option working_dir="/home/roman/dev/opengl-labs/qt5-shadow-maps/build/bin" />
         <Option object_output="./" />
         <Option type="1" />
         <Option compiler="gcc" />
         <Compiler>
            <Add option="-DQT_WIDGETS_LIB" />
            <Add option="-DQT_GUI_LIB" />
            <Add option="-DQT_CORE_LIB" />
            <Add option="-DQT_OPENGL_LIB" />
            <Add option="-DQT_NO_DEBUG" />
            <Add directory="/home/roman/IDEAs/Qt/5.7/gcc_64/./mkspecs/linux-g++" />
            <Add directory="/home/roman/IDEAs/Qt/5.7/gcc_64/include" />
            <Add directory="/home/roman/IDEAs/Qt/5.7/gcc_64/include/QtCore" />
            <Add directory="/home/roman/IDEAs/Qt/5.7/gcc_64/include/QtGui" />
            <Add directory="/home/roman/IDEAs/Qt/5.7/gcc_64/include/QtOpenGL" />
            <Add directory="/home/roman/IDEAs/Qt/5.7/gcc_64/include/QtWidgets" />
            <Add directory="/home/roman/dev/opengl-labs/build-qt5-shadow-maps-Desktop_Qt_5_7_1_GCC_64bit-Default/sources" />
            <Add directory="/home/roman/dev/opengl-labs/qt5-shadow-maps/sources" />
            <Add directory="/usr/include" />
            <Add directory="/usr/include/c++/4.9" />
            <Add directory="/usr/include/c++/4.9/backward" />
            <Add directory="/usr/include/x86_64-linux-gnu" />
            <Add directory="/usr/include/x86_64-linux-gnu/c++/4.9" />
            <Add directory="/usr/lib/gcc/x86_64-linux-gnu/4.9/include" />
            <Add directory="/usr/lib/gcc/x86_64-linux-gnu/4.9/include-fixed" />
            <Add directory="/usr/lib/gcc/x86_64-linux-gnu/5/include" />
            <Add directory="/usr/lib/gcc/x86_64-linux-gnu/5/include-fixed" />
            <Add directory="/usr/local/include" />
         </Compiler>
         <MakeCommands>
            <Build command="/usr/bin/make -f &quot;/home/roman/dev/opengl-labs/build-qt5-shadow-maps-Desktop_Qt_5_7_1_GCC_64bit-Default/sources/Makefile&quot;  VERBOSE=1 shadowmaps/fast" />
            <CompileFile command="/usr/bin/make -f &quot;/home/roman/dev/opengl-labs/build-qt5-shadow-maps-Desktop_Qt_5_7_1_GCC_64bit-Default/sources/Makefile&quot;  VERBOSE=1 &quot;$file&quot;" />
            <Clean command="/usr/bin/make -f &quot;/home/roman/dev/opengl-labs/build-qt5-shadow-maps-Desktop_Qt_5_7_1_GCC_64bit-Default/sources/Makefile&quot;  VERBOSE=1 clean" />
            <DistClean command="/usr/bin/make -f &quot;/home/roman/dev/opengl-labs/build-qt5-shadow-maps-Desktop_Qt_5_7_1_GCC_64bit-Default/sources/Makefile&quot;  VERBOSE=1 clean" />
         </MakeCommands>
      </Target>
      <Target title="shadowmaps_automoc">
         <Option working_dir="/home/roman/dev/opengl-labs/build-qt5-shadow-maps-Desktop_Qt_5_7_1_GCC_64bit-Default/sources" />
         <Option type="4" />
         <MakeCommands>
            <Build command="/usr/bin/make -f &quot;/home/roman/dev/opengl-labs/build-qt5-shadow-maps-Desktop_Qt_5_7_1_GCC_64bit-Default/sources/Makefile&quot;  VERBOSE=1 shadowmaps_automoc" />
            <CompileFile command="/usr/bin/make -f &quot;/home/roman/dev/opengl-labs/build-qt5-shadow-maps-Desktop_Qt_5_7_1_GCC_64bit-Default/sources/Makefile&quot;  VERBOSE=1 &quot;$file&quot;" />
            <Clean command="/usr/bin/make -f &quot;/home/roman/dev/opengl-labs/build-qt5-shadow-maps-Desktop_Qt_5_7_1_GCC_64bit-Default/sources/Makefile&quot;  VERBOSE=1 clean" />
            <DistClean command="/usr/bin/make -f &quot;/home/roman/dev/opengl-labs/build-qt5-shadow-maps-Desktop_Qt_5_7_1_GCC_64bit-Default/sources/Makefile&quot;  VERBOSE=1 clean" />
         </MakeCommands>
      </Target>
      </Build>
      <Unit filename="/home/roman/dev/opengl-labs/qt5-shadow-maps/sources/appmain.cpp">
         <Option target="shadowmaps"/>
      </Unit>
      <Unit filename="/home/roman/dev/opengl-labs/qt5-shadow-maps/sources/arcballcamera.h">
         <Option target="shadowmaps"/>
      </Unit>
      <Unit filename="/home/roman/dev/opengl-labs/qt5-shadow-maps/sources/common.h">
         <Option target="shadowmaps"/>
      </Unit>
      <Unit filename="/home/roman/dev/opengl-labs/qt5-shadow-maps/sources/glutils.h">
         <Option target="shadowmaps"/>
      </Unit>
      <Unit filename="/home/roman/dev/opengl-labs/qt5-shadow-maps/sources/maingui.cpp">
         <Option target="shadowmaps"/>
      </Unit>
      <Unit filename="/home/roman/dev/opengl-labs/qt5-shadow-maps/sources/maingui.h">
         <Option target="shadowmaps"/>
      </Unit>
      <Unit filename="/home/roman/dev/opengl-labs/qt5-shadow-maps/sources/openglviewer.cpp">
         <Option target="shadowmaps"/>
      </Unit>
      <Unit filename="/home/roman/dev/opengl-labs/qt5-shadow-maps/sources/openglviewer.h">
         <Option target="shadowmaps"/>
      </Unit>
      <Unit filename="/home/roman/dev/opengl-labs/qt5-shadow-maps/sources/shaders/ism.fs">
         <Option target="shadowmaps"/>
      </Unit>
      <Unit filename="/home/roman/dev/opengl-labs/qt5-shadow-maps/sources/shaders/ism.gs">
         <Option target="shadowmaps"/>
      </Unit>
      <Unit filename="/home/roman/dev/opengl-labs/qt5-shadow-maps/sources/shaders/ism.vs">
         <Option target="shadowmaps"/>
      </Unit>
      <Unit filename="/home/roman/dev/opengl-labs/qt5-shadow-maps/sources/shaders/ismrender.fs">
         <Option target="shadowmaps"/>
      </Unit>
      <Unit filename="/home/roman/dev/opengl-labs/qt5-shadow-maps/sources/shaders/ismrender.vs">
         <Option target="shadowmaps"/>
      </Unit>
      <Unit filename="/home/roman/dev/opengl-labs/qt5-shadow-maps/sources/shaders/render.fs">
         <Option target="shadowmaps"/>
      </Unit>
      <Unit filename="/home/roman/dev/opengl-labs/qt5-shadow-maps/sources/shaders/render.vs">
         <Option target="shadowmaps"/>
      </Unit>
      <Unit filename="/home/roman/dev/opengl-labs/qt5-shadow-maps/sources/shaders/rsm.fs">
         <Option target="shadowmaps"/>
      </Unit>
      <Unit filename="/home/roman/dev/opengl-labs/qt5-shadow-maps/sources/shaders/rsm.gs">
         <Option target="shadowmaps"/>
      </Unit>
      <Unit filename="/home/roman/dev/opengl-labs/qt5-shadow-maps/sources/shaders/rsm.vs">
         <Option target="shadowmaps"/>
      </Unit>
      <Unit filename="/home/roman/dev/opengl-labs/qt5-shadow-maps/sources/tinyply.cpp">
         <Option target="shadowmaps"/>
      </Unit>
      <Unit filename="/home/roman/dev/opengl-labs/qt5-shadow-maps/sources/tinyply.h">
         <Option target="shadowmaps"/>
      </Unit>
      <Unit filename="/home/roman/dev/opengl-labs/qt5-shadow-maps/sources/vertexarray.h">
         <Option target="shadowmaps"/>
      </Unit>
      <Unit filename="/home/roman/dev/opengl-labs/qt5-shadow-maps/CMakeLists.txt">
          <Option virtualFolder="CMake Files\" />
      </Unit>
      <Unit filename="/home/roman/dev/opengl-labs/qt5-shadow-maps/../../../IDEAs/Qt/5.7/gcc_64/lib/cmake/Qt5Widgets/Qt5WidgetsConfigVersion.cmake">
          <Option virtualFolder="CMake Files\..\..\..\IDEAs\Qt\5.7\gcc_64\lib\cmake\Qt5Widgets\" />
      </Unit>
      <Unit filename="/home/roman/dev/opengl-labs/qt5-shadow-maps/../../../IDEAs/Qt/5.7/gcc_64/lib/cmake/Qt5Widgets/Qt5WidgetsConfig.cmake">
          <Option virtualFolder="CMake Files\..\..\..\IDEAs\Qt\5.7\gcc_64\lib\cmake\Qt5Widgets\" />
      </Unit>
      <Unit filename="/home/roman/dev/opengl-labs/qt5-shadow-maps/../../../IDEAs/Qt/5.7/gcc_64/lib/cmake/Qt5Widgets/Qt5WidgetsConfigExtras.cmake">
          <Option virtualFolder="CMake Files\..\..\..\IDEAs\Qt\5.7\gcc_64\lib\cmake\Qt5Widgets\" />
      </Unit>
      <Unit filename="/home/roman/dev/opengl-labs/qt5-shadow-maps/../../../IDEAs/Qt/5.7/gcc_64/lib/cmake/Qt5Widgets/Qt5WidgetsMacros.cmake">
          <Option virtualFolder="CMake Files\..\..\..\IDEAs\Qt\5.7\gcc_64\lib\cmake\Qt5Widgets\" />
      </Unit>
      <Unit filename="/home/roman/dev/opengl-labs/qt5-shadow-maps/../../../IDEAs/Qt/5.7/gcc_64/lib/cmake/Qt5Gui/Qt5GuiConfigVersion.cmake">
          <Option virtualFolder="CMake Files\..\..\..\IDEAs\Qt\5.7\gcc_64\lib\cmake\Qt5Gui\" />
      </Unit>
      <Unit filename="/home/roman/dev/opengl-labs/qt5-shadow-maps/../../../IDEAs/Qt/5.7/gcc_64/lib/cmake/Qt5Gui/Qt5GuiConfig.cmake">
          <Option virtualFolder="CMake Files\..\..\..\IDEAs\Qt\5.7\gcc_64\lib\cmake\Qt5Gui\" />
      </Unit>
      <Unit filename="/home/roman/dev/opengl-labs/qt5-shadow-maps/../../../IDEAs/Qt/5.7/gcc_64/lib/cmake/Qt5Gui/Qt5Gui_QMinimalEglIntegrationPlugin.cmake">
          <Option virtualFolder="CMake Files\..\..\..\IDEAs\Qt\5.7\gcc_64\lib\cmake\Qt5Gui\" />
      </Unit>
      <Unit filename="/home/roman/dev/opengl-labs/qt5-shadow-maps/../../../IDEAs/Qt/5.7/gcc_64/lib/cmake/Qt5Gui/Qt5Gui_QJpegPlugin.cmake">
          <Option virtualFolder="CMake Files\..\..\..\IDEAs\Qt\5.7\gcc_64\lib\cmake\Qt5Gui\" />
      </Unit>
      <Unit filename="/home/roman/dev/opengl-labs/qt5-shadow-maps/../../../IDEAs/Qt/5.7/gcc_64/lib/cmake/Qt5Gui/Qt5Gui_QICOPlugin.cmake">
          <Option virtualFolder="CMake Files\..\..\..\IDEAs\Qt\5.7\gcc_64\lib\cmake\Qt5Gui\" />
      </Unit>
      <Unit filename="/home/roman/dev/opengl-labs/qt5-shadow-maps/../../../IDEAs/Qt/5.7/gcc_64/lib/cmake/Qt5Gui/Qt5Gui_QWebpPlugin.cmake">
          <Option virtualFolder="CMake Files\..\..\..\IDEAs\Qt\5.7\gcc_64\lib\cmake\Qt5Gui\" />
      </Unit>
      <Unit filename="/home/roman/dev/opengl-labs/qt5-shadow-maps/../../../IDEAs/Qt/5.7/gcc_64/lib/cmake/Qt5Gui/Qt5Gui_QTiffPlugin.cmake">
          <Option virtualFolder="CMake Files\..\..\..\IDEAs\Qt\5.7\gcc_64\lib\cmake\Qt5Gui\" />
      </Unit>
      <Unit filename="/home/roman/dev/opengl-labs/qt5-shadow-maps/../../../IDEAs/Qt/5.7/gcc_64/lib/cmake/Qt5Gui/Qt5Gui_QWbmpPlugin.cmake">
          <Option virtualFolder="CMake Files\..\..\..\IDEAs\Qt\5.7\gcc_64\lib\cmake\Qt5Gui\" />
      </Unit>
      <Unit filename="/home/roman/dev/opengl-labs/qt5-shadow-maps/../../../IDEAs/Qt/5.7/gcc_64/lib/cmake/Qt5Gui/Qt5Gui_QIbusPlatformInputContextPlugin.cmake">
          <Option virtualFolder="CMake Files\..\..\..\IDEAs\Qt\5.7\gcc_64\lib\cmake\Qt5Gui\" />
      </Unit>
      <Unit filename="/home/roman/dev/opengl-labs/qt5-shadow-maps/../../../IDEAs/Qt/5.7/gcc_64/lib/cmake/Qt5Gui/Qt5Gui_QJp2Plugin.cmake">
          <Option virtualFolder="CMake Files\..\..\..\IDEAs\Qt\5.7\gcc_64\lib\cmake\Qt5Gui\" />
      </Unit>
      <Unit filename="/home/roman/dev/opengl-labs/qt5-shadow-maps/../../../IDEAs/Qt/5.7/gcc_64/lib/cmake/Qt5Gui/Qt5Gui_QEvdevTouchScreenPlugin.cmake">
          <Option virtualFolder="CMake Files\..\..\..\IDEAs\Qt\5.7\gcc_64\lib\cmake\Qt5Gui\" />
      </Unit>
      <Unit filename="/home/roman/dev/opengl-labs/qt5-shadow-maps/../../../IDEAs/Qt/5.7/gcc_64/lib/cmake/Qt5Gui/Qt5Gui_QEglFSX11IntegrationPlugin.cmake">
          <Option virtualFolder="CMake Files\..\..\..\IDEAs\Qt\5.7\gcc_64\lib\cmake\Qt5Gui\" />
      </Unit>
      <Unit filename="/home/roman/dev/opengl-labs/qt5-shadow-maps/../../../IDEAs/Qt/5.7/gcc_64/lib/cmake/Qt5Gui/Qt5Gui_QEvdevKeyboardPlugin.cmake">
          <Option virtualFolder="CMake Files\..\..\..\IDEAs\Qt\5.7\gcc_64\lib\cmake\Qt5Gui\" />
      </Unit>
      <Unit filename="/home/roman/dev/opengl-labs/qt5-shadow-maps/../../../IDEAs/Qt/5.7/gcc_64/lib/cmake/Qt5Gui/Qt5Gui_QEvdevTabletPlugin.cmake">
          <Option virtualFolder="CMake Files\..\..\..\IDEAs\Qt\5.7\gcc_64\lib\cmake\Qt5Gui\" />
      </Unit>
      <Unit filename="/home/roman/dev/opengl-labs/qt5-shadow-maps/../../../IDEAs/Qt/5.7/gcc_64/lib/cmake/Qt5Gui/Qt5Gui_QICNSPlugin.cmake">
          <Option virtualFolder="CMake Files\..\..\..\IDEAs\Qt\5.7\gcc_64\lib\cmake\Qt5Gui\" />
      </Unit>
      <Unit filename="/home/roman/dev/opengl-labs/qt5-shadow-maps/../../../IDEAs/Qt/5.7/gcc_64/lib/cmake/Qt5Gui/Qt5Gui_QGifPlugin.cmake">
          <Option virtualFolder="CMake Files\..\..\..\IDEAs\Qt\5.7\gcc_64\lib\cmake\Qt5Gui\" />
      </Unit>
      <Unit filename="/home/roman/dev/opengl-labs/qt5-shadow-maps/../../../IDEAs/Qt/5.7/gcc_64/lib/cmake/Qt5Gui/Qt5Gui_QComposePlatformInputContextPlugin.cmake">
          <Option virtualFolder="CMake Files\..\..\..\IDEAs\Qt\5.7\gcc_64\lib\cmake\Qt5Gui\" />
      </Unit>
      <Unit filename="/home/roman/dev/opengl-labs/qt5-shadow-maps/../../../IDEAs/Qt/5.7/gcc_64/lib/cmake/Qt5Gui/Qt5Gui_QLinuxFbIntegrationPlugin.cmake">
          <Option virtualFolder="CMake Files\..\..\..\IDEAs\Qt\5.7\gcc_64\lib\cmake\Qt5Gui\" />
      </Unit>
      <Unit filename="/home/roman/dev/opengl-labs/qt5-shadow-maps/../../../IDEAs/Qt/5.7/gcc_64/lib/cmake/Qt5Gui/Qt5Gui_QEglFSIntegrationPlugin.cmake">
          <Option virtualFolder="CMake Files\..\..\..\IDEAs\Qt\5.7\gcc_64\lib\cmake\Qt5Gui\" />
      </Unit>
      <Unit filename="/home/roman/dev/opengl-labs/qt5-shadow-maps/../../../IDEAs/Qt/5.7/gcc_64/lib/cmake/Qt5Gui/Qt5Gui_QDDSPlugin.cmake">
          <Option virtualFolder="CMake Files\..\..\..\IDEAs\Qt\5.7\gcc_64\lib\cmake\Qt5Gui\" />
      </Unit>
      <Unit filename="/home/roman/dev/opengl-labs/qt5-shadow-maps/../../../IDEAs/Qt/5.7/gcc_64/lib/cmake/Qt5Gui/Qt5Gui_QTuioTouchPlugin.cmake">
          <Option virtualFolder="CMake Files\..\..\..\IDEAs\Qt\5.7\gcc_64\lib\cmake\Qt5Gui\" />
      </Unit>
      <Unit filename="/home/roman/dev/opengl-labs/qt5-shadow-maps/../../../IDEAs/Qt/5.7/gcc_64/lib/cmake/Qt5Gui/Qt5Gui_QOffscreenIntegrationPlugin.cmake">
          <Option virtualFolder="CMake Files\..\..\..\IDEAs\Qt\5.7\gcc_64\lib\cmake\Qt5Gui\" />
      </Unit>
      <Unit filename="/home/roman/dev/opengl-labs/qt5-shadow-maps/../../../IDEAs/Qt/5.7/gcc_64/lib/cmake/Qt5Gui/Qt5Gui_QXcbEglIntegrationPlugin.cmake">
          <Option virtualFolder="CMake Files\..\..\..\IDEAs\Qt\5.7\gcc_64\lib\cmake\Qt5Gui\" />
      </Unit>
      <Unit filename="/home/roman/dev/opengl-labs/qt5-shadow-maps/../../../IDEAs/Qt/5.7/gcc_64/lib/cmake/Qt5Gui/Qt5Gui_QXcbGlxIntegrationPlugin.cmake">
          <Option virtualFolder="CMake Files\..\..\..\IDEAs\Qt\5.7\gcc_64\lib\cmake\Qt5Gui\" />
      </Unit>
      <Unit filename="/home/roman/dev/opengl-labs/qt5-shadow-maps/../../../IDEAs/Qt/5.7/gcc_64/lib/cmake/Qt5Gui/Qt5Gui_QEvdevMousePlugin.cmake">
          <Option virtualFolder="CMake Files\..\..\..\IDEAs\Qt\5.7\gcc_64\lib\cmake\Qt5Gui\" />
      </Unit>
      <Unit filename="/home/roman/dev/opengl-labs/qt5-shadow-maps/../../../IDEAs/Qt/5.7/gcc_64/lib/cmake/Qt5Gui/Qt5Gui_QTgaPlugin.cmake">
          <Option virtualFolder="CMake Files\..\..\..\IDEAs\Qt\5.7\gcc_64\lib\cmake\Qt5Gui\" />
      </Unit>
      <Unit filename="/home/roman/dev/opengl-labs/qt5-shadow-maps/../../../IDEAs/Qt/5.7/gcc_64/lib/cmake/Qt5Gui/Qt5Gui_QMinimalIntegrationPlugin.cmake">
          <Option virtualFolder="CMake Files\..\..\..\IDEAs\Qt\5.7\gcc_64\lib\cmake\Qt5Gui\" />
      </Unit>
      <Unit filename="/home/roman/dev/opengl-labs/qt5-shadow-maps/../../../IDEAs/Qt/5.7/gcc_64/lib/cmake/Qt5Gui/Qt5Gui_QXcbIntegrationPlugin.cmake">
          <Option virtualFolder="CMake Files\..\..\..\IDEAs\Qt\5.7\gcc_64\lib\cmake\Qt5Gui\" />
      </Unit>
      <Unit filename="/home/roman/dev/opengl-labs/qt5-shadow-maps/../../../IDEAs/Qt/5.7/gcc_64/lib/cmake/Qt5Gui/Qt5GuiConfigExtras.cmake">
          <Option virtualFolder="CMake Files\..\..\..\IDEAs\Qt\5.7\gcc_64\lib\cmake\Qt5Gui\" />
      </Unit>
      <Unit filename="/home/roman/dev/opengl-labs/qt5-shadow-maps/../../../IDEAs/Qt/5.7/gcc_64/lib/cmake/Qt5Gui/Qt5GuiConfigVersion.cmake">
          <Option virtualFolder="CMake Files\..\..\..\IDEAs\Qt\5.7\gcc_64\lib\cmake\Qt5Gui\" />
      </Unit>
      <Unit filename="/home/roman/dev/opengl-labs/qt5-shadow-maps/../../../IDEAs/Qt/5.7/gcc_64/lib/cmake/Qt5Gui/Qt5GuiConfig.cmake">
          <Option virtualFolder="CMake Files\..\..\..\IDEAs\Qt\5.7\gcc_64\lib\cmake\Qt5Gui\" />
      </Unit>
      <Unit filename="/home/roman/dev/opengl-labs/qt5-shadow-maps/../../../IDEAs/Qt/5.7/gcc_64/lib/cmake/Qt5Core/Qt5CoreConfigVersion.cmake">
          <Option virtualFolder="CMake Files\..\..\..\IDEAs\Qt\5.7\gcc_64\lib\cmake\Qt5Core\" />
      </Unit>
      <Unit filename="/home/roman/dev/opengl-labs/qt5-shadow-maps/../../../IDEAs/Qt/5.7/gcc_64/lib/cmake/Qt5Core/Qt5CoreConfig.cmake">
          <Option virtualFolder="CMake Files\..\..\..\IDEAs\Qt\5.7\gcc_64\lib\cmake\Qt5Core\" />
      </Unit>
      <Unit filename="/home/roman/dev/opengl-labs/qt5-shadow-maps/../../../IDEAs/Qt/5.7/gcc_64/lib/cmake/Qt5Core/Qt5CoreConfigExtras.cmake">
          <Option virtualFolder="CMake Files\..\..\..\IDEAs\Qt\5.7\gcc_64\lib\cmake\Qt5Core\" />
      </Unit>
      <Unit filename="/home/roman/dev/opengl-labs/qt5-shadow-maps/../../../IDEAs/Qt/5.7/gcc_64/lib/cmake/Qt5Core/Qt5CoreConfigExtrasMkspecDir.cmake">
          <Option virtualFolder="CMake Files\..\..\..\IDEAs\Qt\5.7\gcc_64\lib\cmake\Qt5Core\" />
      </Unit>
      <Unit filename="/home/roman/dev/opengl-labs/qt5-shadow-maps/../../../IDEAs/Qt/5.7/gcc_64/lib/cmake/Qt5Core/Qt5CoreMacros.cmake">
          <Option virtualFolder="CMake Files\..\..\..\IDEAs\Qt\5.7\gcc_64\lib\cmake\Qt5Core\" />
      </Unit>
      <Unit filename="/home/roman/dev/opengl-labs/qt5-shadow-maps/../../../IDEAs/Qt/5.7/gcc_64/lib/cmake/Qt5OpenGL/Qt5OpenGLConfigVersion.cmake">
          <Option virtualFolder="CMake Files\..\..\..\IDEAs\Qt\5.7\gcc_64\lib\cmake\Qt5OpenGL\" />
      </Unit>
      <Unit filename="/home/roman/dev/opengl-labs/qt5-shadow-maps/../../../IDEAs/Qt/5.7/gcc_64/lib/cmake/Qt5OpenGL/Qt5OpenGLConfig.cmake">
          <Option virtualFolder="CMake Files\..\..\..\IDEAs\Qt\5.7\gcc_64\lib\cmake\Qt5OpenGL\" />
      </Unit>
      <Unit filename="/home/roman/dev/opengl-labs/qt5-shadow-maps/sources/CMakeLists.txt">
          <Option virtualFolder="CMake Files\sources\" />
      </Unit>
      <Unit filename="/home/roman/dev/opengl-labs/qt5-shadow-maps/sources/common.h.in">
          <Option virtualFolder="CMake Files\sources\" />
      </Unit>
   </Project>
</CodeBlocks_project_file>
