// !$*UTF8*$!
{
	archiveVersion = 1;
	classes = {
	};
	objectVersion = 48;
	objects = {

/* Begin PBXBuildFile section */
		3061EF721FD46CA3006177AA /* image_DXT.c in Sources */ = {isa = PBXBuildFile; fileRef = 3061EF6E1FD46CA2006177AA /* image_DXT.c */; };
		3061EF731FD46CA3006177AA /* image_DXT.h in Sources */ = {isa = PBXBuildFile; fileRef = 3061EF6F1FD46CA3006177AA /* image_DXT.h */; };
		3061EF741FD46CA3006177AA /* image_helper.h in Sources */ = {isa = PBXBuildFile; fileRef = 3061EF701FD46CA3006177AA /* image_helper.h */; };
		3061EF751FD46CA3006177AA /* image_helper.c in Sources */ = {isa = PBXBuildFile; fileRef = 3061EF711FD46CA3006177AA /* image_helper.c */; };
		3061EF7B1FD46CB6006177AA /* SOIL.c in Sources */ = {isa = PBXBuildFile; fileRef = 3061EF761FD46CB5006177AA /* SOIL.c */; };
		3061EF7C1FD46CB6006177AA /* stb_image_aug.h in Sources */ = {isa = PBXBuildFile; fileRef = 3061EF771FD46CB5006177AA /* stb_image_aug.h */; };
		3061EF7D1FD46CB6006177AA /* stbi_DDS_aug_c.h in Sources */ = {isa = PBXBuildFile; fileRef = 3061EF781FD46CB5006177AA /* stbi_DDS_aug_c.h */; };
		3061EF7E1FD46CB6006177AA /* SOIL.h in Sources */ = {isa = PBXBuildFile; fileRef = 3061EF791FD46CB6006177AA /* SOIL.h */; };
		3061EF7F1FD46CB6006177AA /* stb_image_aug.c in Sources */ = {isa = PBXBuildFile; fileRef = 3061EF7A1FD46CB6006177AA /* stb_image_aug.c */; };
		3061EF881FD4AC25006177AA /* main.cpp in Sources */ = {isa = PBXBuildFile; fileRef = 30EB30281FCC13C10023D008 /* main.cpp */; };
		30EB30321FCC140A0023D008 /* OpenGL.framework in Frameworks */ = {isa = PBXBuildFile; fileRef = 30EB30301FCC13D20023D008 /* OpenGL.framework */; settings = {ATTRIBUTES = (Required, ); }; };
		30EB30331FCC14160023D008 /* GLUT.framework in Frameworks */ = {isa = PBXBuildFile; fileRef = 30EB30311FCC13DD0023D008 /* GLUT.framework */; };
/* End PBXBuildFile section */

/* Begin PBXCopyFilesBuildPhase section */
		30EB30231FCC13C10023D008 /* CopyFiles */ = {
			isa = PBXCopyFilesBuildPhase;
			buildActionMask = 2147483647;
			dstPath = /usr/share/man/man1;
			dstSubfolderSpec = 0;
			files = (
			);
			runOnlyForDeploymentPostprocessing = 1;
		};
/* End PBXCopyFilesBuildPhase section */

/* Begin PBXFileReference section */
		3061EF6E1FD46CA2006177AA /* image_DXT.c */ = {isa = PBXFileReference; lastKnownFileType = sourcecode.c.c; name = image_DXT.c; path = lab1/soil/image_DXT.c; sourceTree = "<group>"; };
		3061EF6F1FD46CA3006177AA /* image_DXT.h */ = {isa = PBXFileReference; lastKnownFileType = sourcecode.c.h; name = image_DXT.h; path = lab1/soil/image_DXT.h; sourceTree = "<group>"; };
		3061EF701FD46CA3006177AA /* image_helper.h */ = {isa = PBXFileReference; lastKnownFileType = sourcecode.c.h; name = image_helper.h; path = lab1/soil/image_helper.h; sourceTree = "<group>"; };
		3061EF711FD46CA3006177AA /* image_helper.c */ = {isa = PBXFileReference; lastKnownFileType = sourcecode.c.c; name = image_helper.c; path = lab1/soil/image_helper.c; sourceTree = "<group>"; };
		3061EF761FD46CB5006177AA /* SOIL.c */ = {isa = PBXFileReference; lastKnownFileType = sourcecode.c.c; name = SOIL.c; path = lab1/soil/SOIL.c; sourceTree = "<group>"; };
		3061EF771FD46CB5006177AA /* stb_image_aug.h */ = {isa = PBXFileReference; lastKnownFileType = sourcecode.c.h; name = stb_image_aug.h; path = lab1/soil/stb_image_aug.h; sourceTree = "<group>"; };
		3061EF781FD46CB5006177AA /* stbi_DDS_aug_c.h */ = {isa = PBXFileReference; lastKnownFileType = sourcecode.c.h; name = stbi_DDS_aug_c.h; path = lab1/soil/stbi_DDS_aug_c.h; sourceTree = "<group>"; };
		3061EF791FD46CB6006177AA /* SOIL.h */ = {isa = PBXFileReference; lastKnownFileType = sourcecode.c.h; name = SOIL.h; path = lab1/soil/SOIL.h; sourceTree = "<group>"; };
		3061EF7A1FD46CB6006177AA /* stb_image_aug.c */ = {isa = PBXFileReference; lastKnownFileType = sourcecode.c.c; name = stb_image_aug.c; path = lab1/soil/stb_image_aug.c; sourceTree = "<group>"; };
		3061EF801FD46CEA006177AA /* stbi_DDS_aug_c.h */ = {isa = PBXFileReference; lastKnownFileType = sourcecode.c.h; name = stbi_DDS_aug_c.h; path = lab1/soil/stbi_DDS_aug_c.h; sourceTree = "<group>"; };
		3061EF811FD46D16006177AA /* stb_image_aug.h */ = {isa = PBXFileReference; lastKnownFileType = sourcecode.c.h; name = stb_image_aug.h; path = lab1/soil/stb_image_aug.h; sourceTree = "<group>"; };
		30EB30251FCC13C10023D008 /* lab1 */ = {isa = PBXFileReference; explicitFileType = "compiled.mach-o.executable"; includeInIndex = 0; path = lab1; sourceTree = BUILT_PRODUCTS_DIR; };
		30EB30281FCC13C10023D008 /* main.cpp */ = {isa = PBXFileReference; lastKnownFileType = sourcecode.cpp.cpp; path = main.cpp; sourceTree = "<group>"; };
		30EB30301FCC13D20023D008 /* OpenGL.framework */ = {isa = PBXFileReference; lastKnownFileType = wrapper.framework; name = OpenGL.framework; path = System/Library/Frameworks/OpenGL.framework; sourceTree = SDKROOT; };
		30EB30311FCC13DD0023D008 /* GLUT.framework */ = {isa = PBXFileReference; lastKnownFileType = wrapper.framework; name = GLUT.framework; path = System/Library/Frameworks/GLUT.framework; sourceTree = SDKROOT; };
/* End PBXFileReference section */

/* Begin PBXFrameworksBuildPhase section */
		30EB30221FCC13C10023D008 /* Frameworks */ = {
			isa = PBXFrameworksBuildPhase;
			buildActionMask = 2147483647;
			files = (
				30EB30331FCC14160023D008 /* GLUT.framework in Frameworks */,
				30EB30321FCC140A0023D008 /* OpenGL.framework in Frameworks */,
			);
			runOnlyForDeploymentPostprocessing = 0;
		};
/* End PBXFrameworksBuildPhase section */

/* Begin PBXGroup section */
		30EB301C1FCC13C10023D008 = {
			isa = PBXGroup;
			children = (
				3061EF811FD46D16006177AA /* stb_image_aug.h */,
				3061EF801FD46CEA006177AA /* stbi_DDS_aug_c.h */,
				3061EF761FD46CB5006177AA /* SOIL.c */,
				3061EF791FD46CB6006177AA /* SOIL.h */,
				3061EF7A1FD46CB6006177AA /* stb_image_aug.c */,
				3061EF771FD46CB5006177AA /* stb_image_aug.h */,
				3061EF781FD46CB5006177AA /* stbi_DDS_aug_c.h */,
				3061EF6E1FD46CA2006177AA /* image_DXT.c */,
				3061EF6F1FD46CA3006177AA /* image_DXT.h */,
				3061EF711FD46CA3006177AA /* image_helper.c */,
				3061EF701FD46CA3006177AA /* image_helper.h */,
				30EB30271FCC13C10023D008 /* lab1 */,
				30EB30261FCC13C10023D008 /* Products */,
				30EB302F1FCC13D20023D008 /* Frameworks */,
			);
			sourceTree = "<group>";
		};
		30EB30261FCC13C10023D008 /* Products */ = {
			isa = PBXGroup;
			children = (
				30EB30251FCC13C10023D008 /* lab1 */,
			);
			name = Products;
			sourceTree = "<group>";
		};
		30EB30271FCC13C10023D008 /* lab1 */ = {
			isa = PBXGroup;
			children = (
				30EB30281FCC13C10023D008 /* main.cpp */,
			);
			path = lab1;
			sourceTree = "<group>";
		};
		30EB302F1FCC13D20023D008 /* Frameworks */ = {
			isa = PBXGroup;
			children = (
				30EB30311FCC13DD0023D008 /* GLUT.framework */,
				30EB30301FCC13D20023D008 /* OpenGL.framework */,
			);
			name = Frameworks;
			sourceTree = "<group>";
		};
/* End PBXGroup section */

/* Begin PBXNativeTarget section */
		30EB30241FCC13C10023D008 /* lab1 */ = {
			isa = PBXNativeTarget;
			buildConfigurationList = 30EB302C1FCC13C10023D008 /* Build configuration list for PBXNativeTarget "lab1" */;
			buildPhases = (
				30EB30211FCC13C10023D008 /* Sources */,
				30EB30221FCC13C10023D008 /* Frameworks */,
				30EB30231FCC13C10023D008 /* CopyFiles */,
			);
			buildRules = (
			);
			dependencies = (
			);
			name = lab1;
			productName = lab1;
			productReference = 30EB30251FCC13C10023D008 /* lab1 */;
			productType = "com.apple.product-type.tool";
		};
/* End PBXNativeTarget section */

/* Begin PBXProject section */
		30EB301D1FCC13C10023D008 /* Project object */ = {
			isa = PBXProject;
			attributes = {
				LastUpgradeCheck = 0910;
				ORGANIZATIONNAME = Roman;
				TargetAttributes = {
					30EB30241FCC13C10023D008 = {
						CreatedOnToolsVersion = 9.1;
						ProvisioningStyle = Automatic;
					};
				};
			};
			buildConfigurationList = 30EB30201FCC13C10023D008 /* Build configuration list for PBXProject "lab1" */;
			compatibilityVersion = "Xcode 8.0";
			developmentRegion = en;
			hasScannedForEncodings = 0;
			knownRegions = (
				en,
			);
			mainGroup = 30EB301C1FCC13C10023D008;
			productRefGroup = 30EB30261FCC13C10023D008 /* Products */;
			projectDirPath = "";
			projectRoot = "";
			targets = (
				30EB30241FCC13C10023D008 /* lab1 */,
			);
		};
/* End PBXProject section */

/* Begin PBXSourcesBuildPhase section */
		30EB30211FCC13C10023D008 /* Sources */ = {
			isa = PBXSourcesBuildPhase;
			buildActionMask = 2147483647;
			files = (
				3061EF881FD4AC25006177AA /* main.cpp in Sources */,
				3061EF7C1FD46CB6006177AA /* stb_image_aug.h in Sources */,
				3061EF7D1FD46CB6006177AA /* stbi_DDS_aug_c.h in Sources */,
				3061EF7B1FD46CB6006177AA /* SOIL.c in Sources */,
				3061EF7E1FD46CB6006177AA /* SOIL.h in Sources */,
				3061EF7F1FD46CB6006177AA /* stb_image_aug.c in Sources */,
				3061EF721FD46CA3006177AA /* image_DXT.c in Sources */,
				3061EF731FD46CA3006177AA /* image_DXT.h in Sources */,
				3061EF741FD46CA3006177AA /* image_helper.h in Sources */,
				3061EF751FD46CA3006177AA /* image_helper.c in Sources */,
			);
			runOnlyForDeploymentPostprocessing = 0;
		};
/* End PBXSourcesBuildPhase section */

/* Begin XCBuildConfiguration section */
		30EB302A1FCC13C10023D008 /* Debug */ = {
			isa = XCBuildConfiguration;
			buildSettings = {
				ALWAYS_SEARCH_USER_PATHS = NO;
				CLANG_ANALYZER_NONNULL = YES;
				CLANG_ANALYZER_NUMBER_OBJECT_CONVERSION = YES_AGGRESSIVE;
				CLANG_CXX_LANGUAGE_STANDARD = "gnu++14";
				CLANG_CXX_LIBRARY = "libc++";
				CLANG_ENABLE_MODULES = YES;
				CLANG_ENABLE_OBJC_ARC = YES;
				CLANG_WARN_BLOCK_CAPTURE_AUTORELEASING = YES;
				CLANG_WARN_BOOL_CONVERSION = YES;
				CLANG_WARN_COMMA = YES;
				CLANG_WARN_CONSTANT_CONVERSION = YES;
				CLANG_WARN_DIRECT_OBJC_ISA_USAGE = YES_ERROR;
				CLANG_WARN_DOCUMENTATION_COMMENTS = YES;
				CLANG_WARN_EMPTY_BODY = YES;
				CLANG_WARN_ENUM_CONVERSION = YES;
				CLANG_WARN_INFINITE_RECURSION = YES;
				CLANG_WARN_INT_CONVERSION = YES;
				CLANG_WARN_NON_LITERAL_NULL_CONVERSION = YES;
				CLANG_WARN_OBJC_LITERAL_CONVERSION = YES;
				CLANG_WARN_OBJC_ROOT_CLASS = YES_ERROR;
				CLANG_WARN_RANGE_LOOP_ANALYSIS = YES;
				CLANG_WARN_STRICT_PROTOTYPES = YES;
				CLANG_WARN_SUSPICIOUS_MOVE = YES;
				CLANG_WARN_UNGUARDED_AVAILABILITY = YES_AGGRESSIVE;
				CLANG_WARN_UNREACHABLE_CODE = YES;
				CLANG_WARN__DUPLICATE_METHOD_MATCH = YES;
				CODE_SIGN_IDENTITY = "-";
				COPY_PHASE_STRIP = NO;
				DEBUG_INFORMATION_FORMAT = dwarf;
				ENABLE_STRICT_OBJC_MSGSEND = YES;
				ENABLE_TESTABILITY = YES;
				GCC_C_LANGUAGE_STANDARD = gnu11;
				GCC_DYNAMIC_NO_PIC = NO;
				GCC_NO_COMMON_BLOCKS = YES;
				GCC_OPTIMIZATION_LEVEL = 0;
				GCC_PREPROCESSOR_DEFINITIONS = (
					"DEBUG=1",
					"$(inherited)",
				);
				GCC_WARN_64_TO_32_BIT_CONVERSION = YES;
				GCC_WARN_ABOUT_RETURN_TYPE = YES_ERROR;
				GCC_WARN_UNDECLARED_SELECTOR = YES;
				GCC_WARN_UNINITIALIZED_AUTOS = YES_AGGRESSIVE;
				GCC_WARN_UNUSED_FUNCTION = YES;
				GCC_WARN_UNUSED_VARIABLE = YES;
				MACOSX_DEPLOYMENT_TARGET = 10.13;
				MTL_ENABLE_DEBUG_INFO = YES;
				ONLY_ACTIVE_ARCH = YES;
				SDKROOT = macosx;
			};
			name = Debug;
		};
		30EB302B1FCC13C10023D008 /* Release */ = {
			isa = XCBuildConfiguration;
			buildSettings = {
				ALWAYS_SEARCH_USER_PATHS = NO;
				CLANG_ANALYZER_NONNULL = YES;
				CLANG_ANALYZER_NUMBER_OBJECT_CONVERSION = YES_AGGRESSIVE;
				CLANG_CXX_LANGUAGE_STANDARD = "gnu++14";
				CLANG_CXX_LIBRARY = "libc++";
				CLANG_ENABLE_MODULES = YES;
				CLANG_ENABLE_OBJC_ARC = YES;
				CLANG_WARN_BLOCK_CAPTURE_AUTORELEASING = YES;
				CLANG_WARN_BOOL_CONVERSION = YES;
				CLANG_WARN_COMMA = YES;
				CLANG_WARN_CONSTANT_CONVERSION = YES;
				CLANG_WARN_DIRECT_OBJC_ISA_USAGE = YES_ERROR;
				CLANG_WARN_DOCUMENTATION_COMMENTS = YES;
				CLANG_WARN_EMPTY_BODY = YES;
				CLANG_WARN_ENUM_CONVERSION = YES;
				CLANG_WARN_INFINITE_RECURSION = YES;
				CLANG_WARN_INT_CONVERSION = YES;
				CLANG_WARN_NON_LITERAL_NULL_CONVERSION = YES;
				CLANG_WARN_OBJC_LITERAL_CONVERSION = YES;
				CLANG_WARN_OBJC_ROOT_CLASS = YES_ERROR;
				CLANG_WARN_RANGE_LOOP_ANALYSIS = YES;
				CLANG_WARN_STRICT_PROTOTYPES = YES;
				CLANG_WARN_SUSPICIOUS_MOVE = YES;
				CLANG_WARN_UNGUARDED_AVAILABILITY = YES_AGGRESSIVE;
				CLANG_WARN_UNREACHABLE_CODE = YES;
				CLANG_WARN__DUPLICATE_METHOD_MATCH = YES;
				CODE_SIGN_IDENTITY = "-";
				COPY_PHASE_STRIP = NO;
				DEBUG_INFORMATION_FORMAT = "dwarf-with-dsym";
				ENABLE_NS_ASSERTIONS = NO;
				ENABLE_STRICT_OBJC_MSGSEND = YES;
				GCC_C_LANGUAGE_STANDARD = gnu11;
				GCC_NO_COMMON_BLOCKS = YES;
				GCC_WARN_64_TO_32_BIT_CONVERSION = YES;
				GCC_WARN_ABOUT_RETURN_TYPE = YES_ERROR;
				GCC_WARN_UNDECLARED_SELECTOR = YES;
				GCC_WARN_UNINITIALIZED_AUTOS = YES_AGGRESSIVE;
				GCC_WARN_UNUSED_FUNCTION = YES;
				GCC_WARN_UNUSED_VARIABLE = YES;
				MACOSX_DEPLOYMENT_TARGET = 10.13;
				MTL_ENABLE_DEBUG_INFO = NO;
				SDKROOT = macosx;
			};
			name = Release;
		};
		30EB302D1FCC13C10023D008 /* Debug */ = {
			isa = XCBuildConfiguration;
			buildSettings = {
				CODE_SIGN_STYLE = Automatic;
				PRODUCT_NAME = "$(TARGET_NAME)";
			};
			name = Debug;
		};
		30EB302E1FCC13C10023D008 /* Release */ = {
			isa = XCBuildConfiguration;
			buildSettings = {
				CODE_SIGN_STYLE = Automatic;
				PRODUCT_NAME = "$(TARGET_NAME)";
			};
			name = Release;
		};
/* End XCBuildConfiguration section */

/* Begin XCConfigurationList section */
		30EB30201FCC13C10023D008 /* Build configuration list for PBXProject "lab1" */ = {
			isa = XCConfigurationList;
			buildConfigurations = (
				30EB302A1FCC13C10023D008 /* Debug */,
				30EB302B1FCC13C10023D008 /* Release */,
			);
			defaultConfigurationIsVisible = 0;
			defaultConfigurationName = Release;
		};
		30EB302C1FCC13C10023D008 /* Build configuration list for PBXNativeTarget "lab1" */ = {
			isa = XCConfigurationList;
			buildConfigurations = (
				30EB302D1FCC13C10023D008 /* Debug */,
				30EB302E1FCC13C10023D008 /* Release */,
			);
			defaultConfigurationIsVisible = 0;
			defaultConfigurationName = Release;
		};
/* End XCConfigurationList section */
	};
	rootObject = 30EB301D1FCC13C10023D008 /* Project object */;
}
